---
- name: Add block of text to a file
  hosts: all
  remote_user: ckoca

  tasks:

    - name: Add a block of text to an existing file
      blockinfile:
        path: /home/ckoca/myfile.txt
        block: | 
          This block of text consists of two lines.
          They have been added by the blockinfile module.
        state: present 
